// !$*UTF8*$!
{
	archiveVersion = 1;
	classes = {
	};
	objectVersion = 54;
	objects = {

/* Begin PBXBuildFile section */
		4DFDB3D148E7467F03AE736D /* Pods_SHWVideoClipSDK_Example.framework in Frameworks */ = {isa = PBXBuildFile; fileRef = F320E3DD7CD461F784E40ABB /* Pods_SHWVideoClipSDK_Example.framework */; };
		5E73476E02025C2F2A3296C7 /* Pods_SHWVideoClipSDK_Tests.framework in Frameworks */ = {isa = PBXBuildFile; fileRef = A06B99ED299663F52CF5964D /* Pods_SHWVideoClipSDK_Tests.framework */; };
		6003F58E195388D20070C39A /* Foundation.framework in Frameworks */ = {isa = PBXBuildFile; fileRef = 6003F58D195388D20070C39A /* Foundation.framework */; };
		6003F590195388D20070C39A /* CoreGraphics.framework in Frameworks */ = {isa = PBXBuildFile; fileRef = 6003F58F195388D20070C39A /* CoreGraphics.framework */; };
		6003F592195388D20070C39A /* UIKit.framework in Frameworks */ = {isa = PBXBuildFile; fileRef = 6003F591195388D20070C39A /* UIKit.framework */; };
		6003F598195388D20070C39A /* InfoPlist.strings in Resources */ = {isa = PBXBuildFile; fileRef = 6003F596195388D20070C39A /* InfoPlist.strings */; };
		6003F59A195388D20070C39A /* main.m in Sources */ = {isa = PBXBuildFile; fileRef = 6003F599195388D20070C39A /* main.m */; };
		6003F59E195388D20070C39A /* SHWAppDelegate.m in Sources */ = {isa = PBXBuildFile; fileRef = 6003F59D195388D20070C39A /* SHWAppDelegate.m */; };
		6003F5A7195388D20070C39A /* SHWViewController.m in Sources */ = {isa = PBXBuildFile; fileRef = 6003F5A6195388D20070C39A /* SHWViewController.m */; };
		6003F5A9195388D20070C39A /* Images.xcassets in Resources */ = {isa = PBXBuildFile; fileRef = 6003F5A8195388D20070C39A /* Images.xcassets */; };
		6003F5B0195388D20070C39A /* XCTest.framework in Frameworks */ = {isa = PBXBuildFile; fileRef = 6003F5AF195388D20070C39A /* XCTest.framework */; };
		6003F5B1195388D20070C39A /* Foundation.framework in Frameworks */ = {isa = PBXBuildFile; fileRef = 6003F58D195388D20070C39A /* Foundation.framework */; };
		6003F5B2195388D20070C39A /* UIKit.framework in Frameworks */ = {isa = PBXBuildFile; fileRef = 6003F591195388D20070C39A /* UIKit.framework */; };
		6003F5BA195388D20070C39A /* InfoPlist.strings in Resources */ = {isa = PBXBuildFile; fileRef = 6003F5B8195388D20070C39A /* InfoPlist.strings */; };
		6003F5BC195388D20070C39A /* Tests.m in Sources */ = {isa = PBXBuildFile; fileRef = 6003F5BB195388D20070C39A /* Tests.m */; };
		71719F9F1E33DC2100824A3D /* LaunchScreen.storyboard in Resources */ = {isa = PBXBuildFile; fileRef = 71719F9D1E33DC2100824A3D /* LaunchScreen.storyboard */; };
		873B8AEB1B1F5CCA007FD442 /* Main.storyboard in Resources */ = {isa = PBXBuildFile; fileRef = 873B8AEA1B1F5CCA007FD442 /* Main.storyboard */; };
		F46FED86278430EE002404B3 /* test1.mp3 in Resources */ = {isa = PBXBuildFile; fileRef = F46FED81278430EE002404B3 /* test1.mp3 */; };
		F46FED87278430EE002404B3 /* test.mp3 in Resources */ = {isa = PBXBuildFile; fileRef = F46FED82278430EE002404B3 /* test.mp3 */; };
		F46FED88278430EE002404B3 /* icon_hzw.jpg in Resources */ = {isa = PBXBuildFile; fileRef = F46FED83278430EE002404B3 /* icon_hzw.jpg */; };
		F46FED89278430EE002404B3 /* video1.mp4 in Resources */ = {isa = PBXBuildFile; fileRef = F46FED84278430EE002404B3 /* video1.mp4 */; };
		F46FED8A278430EE002404B3 /* video2.mp4 in Resources */ = {isa = PBXBuildFile; fileRef = F46FED85278430EE002404B3 /* video2.mp4 */; };
		F46FED90278431F6002404B3 /* EditViewController.xib in Resources */ = {isa = PBXBuildFile; fileRef = F46FED8C278431F5002404B3 /* EditViewController.xib */; };
		F46FED91278431F6002404B3 /* ViewController.m in Sources */ = {isa = PBXBuildFile; fileRef = F46FED8D278431F5002404B3 /* ViewController.m */; };
		F46FED92278431F6002404B3 /* EditViewController.m in Sources */ = {isa = PBXBuildFile; fileRef = F46FED8F278431F6002404B3 /* EditViewController.m */; };
		F46FED9727843205002404B3 /* EditCollectionViewCell.m in Sources */ = {isa = PBXBuildFile; fileRef = F46FED9427843205002404B3 /* EditCollectionViewCell.m */; };
		F46FED9827843205002404B3 /* EditCollectionViewCell.xib in Resources */ = {isa = PBXBuildFile; fileRef = F46FED9627843205002404B3 /* EditCollectionViewCell.xib */; };
		F46FEDA32784485C002404B3 /* NotoColorEmojiCompat.ttf in Resources */ = {isa = PBXBuildFile; fileRef = F46FED9A2784485C002404B3 /* NotoColorEmojiCompat.ttf */; };
		F46FEDA42784485C002404B3 /* zhankuqingkehuangyouti.ttf in Resources */ = {isa = PBXBuildFile; fileRef = F46FED9B2784485C002404B3 /* zhankuqingkehuangyouti.ttf */; };
		F46FEDA52784485C002404B3 /* Emoji One Color.ttf in Resources */ = {isa = PBXBuildFile; fileRef = F46FED9C2784485C002404B3 /* Emoji One Color.ttf */; };
		F46FEDA62784485C002404B3 /* SourceHanSansCN-Heavy.ttf in Resources */ = {isa = PBXBuildFile; fileRef = F46FED9D2784485C002404B3 /* SourceHanSansCN-Heavy.ttf */; };
		F46FEDA72784485C002404B3 /* zhankukuaileti.ttf in Resources */ = {isa = PBXBuildFile; fileRef = F46FED9E2784485C002404B3 /* zhankukuaileti.ttf */; };
		F46FEDA82784485C002404B3 /* zhankuwenyiti.ttf in Resources */ = {isa = PBXBuildFile; fileRef = F46FED9F2784485C002404B3 /* zhankuwenyiti.ttf */; };
		F46FEDA92784485C002404B3 /* pingfang.ttf in Resources */ = {isa = PBXBuildFile; fileRef = F46FEDA02784485C002404B3 /* pingfang.ttf */; };
		F46FEDAA2784485C002404B3 /* zhankuxiaoweiLOGO.ttf in Resources */ = {isa = PBXBuildFile; fileRef = F46FEDA12784485C002404B3 /* zhankuxiaoweiLOGO.ttf */; };
		F46FEDAB2784485C002404B3 /* Alibaba-PuHuiTi-Medium.ttf in Resources */ = {isa = PBXBuildFile; fileRef = F46FEDA22784485C002404B3 /* Alibaba-PuHuiTi-Medium.ttf */; };
/* End PBXBuildFile section */

/* Begin PBXContainerItemProxy section */
		6003F5B3195388D20070C39A /* PBXContainerItemProxy */ = {
			isa = PBXContainerItemProxy;
			containerPortal = 6003F582195388D10070C39A /* Project object */;
			proxyType = 1;
			remoteGlobalIDString = 6003F589195388D20070C39A;
			remoteInfo = SHWVideoClipSDK;
		};
/* End PBXContainerItemProxy section */

/* Begin PBXFileReference section */
		06A111E9695F00EE12651D1A /* README.md */ = {isa = PBXFileReference; includeInIndex = 1; lastKnownFileType = net.daringfireball.markdown; name = README.md; path = ../README.md; sourceTree = "<group>"; };
		35D2412139B0A02FE67E7021 /* Pods-SHWVideoClipSDK_Tests.debug.xcconfig */ = {isa = PBXFileReference; includeInIndex = 1; lastKnownFileType = text.xcconfig; name = "Pods-SHWVideoClipSDK_Tests.debug.xcconfig"; path = "Target Support Files/Pods-SHWVideoClipSDK_Tests/Pods-SHWVideoClipSDK_Tests.debug.xcconfig"; sourceTree = "<group>"; };
		3C85B3C5CB283B0E8485D69D /* Pods-SHWVideoClipSDK_Tests.release.xcconfig */ = {isa = PBXFileReference; includeInIndex = 1; lastKnownFileType = text.xcconfig; name = "Pods-SHWVideoClipSDK_Tests.release.xcconfig"; path = "Target Support Files/Pods-SHWVideoClipSDK_Tests/Pods-SHWVideoClipSDK_Tests.release.xcconfig"; sourceTree = "<group>"; };
		3D0A5DEADC037A6B5EAB4A51 /* LICENSE */ = {isa = PBXFileReference; includeInIndex = 1; lastKnownFileType = text; name = LICENSE; path = ../LICENSE; sourceTree = "<group>"; };
		6003F58A195388D20070C39A /* SHWVideoClipSDK_Example.app */ = {isa = PBXFileReference; explicitFileType = wrapper.application; includeInIndex = 0; path = SHWVideoClipSDK_Example.app; sourceTree = BUILT_PRODUCTS_DIR; };
		6003F58D195388D20070C39A /* Foundation.framework */ = {isa = PBXFileReference; lastKnownFileType = wrapper.framework; name = Foundation.framework; path = System/Library/Frameworks/Foundation.framework; sourceTree = SDKROOT; };
		6003F58F195388D20070C39A /* CoreGraphics.framework */ = {isa = PBXFileReference; lastKnownFileType = wrapper.framework; name = CoreGraphics.framework; path = System/Library/Frameworks/CoreGraphics.framework; sourceTree = SDKROOT; };
		6003F591195388D20070C39A /* UIKit.framework */ = {isa = PBXFileReference; lastKnownFileType = wrapper.framework; name = UIKit.framework; path = System/Library/Frameworks/UIKit.framework; sourceTree = SDKROOT; };
		6003F595195388D20070C39A /* SHWVideoClipSDK-Info.plist */ = {isa = PBXFileReference; lastKnownFileType = text.plist.xml; path = "SHWVideoClipSDK-Info.plist"; sourceTree = "<group>"; };
		6003F597195388D20070C39A /* en */ = {isa = PBXFileReference; lastKnownFileType = text.plist.strings; name = en; path = en.lproj/InfoPlist.strings; sourceTree = "<group>"; };
		6003F599195388D20070C39A /* main.m */ = {isa = PBXFileReference; lastKnownFileType = sourcecode.c.objc; path = main.m; sourceTree = "<group>"; };
		6003F59B195388D20070C39A /* SHWVideoClipSDK-Prefix.pch */ = {isa = PBXFileReference; lastKnownFileType = sourcecode.c.h; path = "SHWVideoClipSDK-Prefix.pch"; sourceTree = "<group>"; };
		6003F59C195388D20070C39A /* SHWAppDelegate.h */ = {isa = PBXFileReference; lastKnownFileType = sourcecode.c.h; path = SHWAppDelegate.h; sourceTree = "<group>"; };
		6003F59D195388D20070C39A /* SHWAppDelegate.m */ = {isa = PBXFileReference; lastKnownFileType = sourcecode.c.objc; path = SHWAppDelegate.m; sourceTree = "<group>"; };
		6003F5A5195388D20070C39A /* SHWViewController.h */ = {isa = PBXFileReference; lastKnownFileType = sourcecode.c.h; path = SHWViewController.h; sourceTree = "<group>"; };
		6003F5A6195388D20070C39A /* SHWViewController.m */ = {isa = PBXFileReference; lastKnownFileType = sourcecode.c.objc; path = SHWViewController.m; sourceTree = "<group>"; };
		6003F5A8195388D20070C39A /* Images.xcassets */ = {isa = PBXFileReference; lastKnownFileType = folder.assetcatalog; path = Images.xcassets; sourceTree = "<group>"; };
		6003F5AE195388D20070C39A /* SHWVideoClipSDK_Tests.xctest */ = {isa = PBXFileReference; explicitFileType = wrapper.cfbundle; includeInIndex = 0; path = SHWVideoClipSDK_Tests.xctest; sourceTree = BUILT_PRODUCTS_DIR; };
		6003F5AF195388D20070C39A /* XCTest.framework */ = {isa = PBXFileReference; lastKnownFileType = wrapper.framework; name = XCTest.framework; path = Library/Frameworks/XCTest.framework; sourceTree = DEVELOPER_DIR; };
		6003F5B7195388D20070C39A /* Tests-Info.plist */ = {isa = PBXFileReference; lastKnownFileType = text.plist.xml; path = "Tests-Info.plist"; sourceTree = "<group>"; };
		6003F5B9195388D20070C39A /* en */ = {isa = PBXFileReference; lastKnownFileType = text.plist.strings; name = en; path = en.lproj/InfoPlist.strings; sourceTree = "<group>"; };
		6003F5BB195388D20070C39A /* Tests.m */ = {isa = PBXFileReference; lastKnownFileType = sourcecode.c.objc; path = Tests.m; sourceTree = "<group>"; };
		606FC2411953D9B200FFA9A0 /* Tests-Prefix.pch */ = {isa = PBXFileReference; lastKnownFileType = sourcecode.c.h; path = "Tests-Prefix.pch"; sourceTree = "<group>"; };
		71719F9E1E33DC2100824A3D /* Base */ = {isa = PBXFileReference; lastKnownFileType = file.storyboard; name = Base; path = Base.lproj/LaunchScreen.storyboard; sourceTree = "<group>"; };
		873B8AEA1B1F5CCA007FD442 /* Main.storyboard */ = {isa = PBXFileReference; fileEncoding = 4; lastKnownFileType = file.storyboard; name = Main.storyboard; path = Base.lproj/Main.storyboard; sourceTree = "<group>"; };
		93ACB913352C24010F6506C7 /* Pods-SHWVideoClipSDK_Example.release.xcconfig */ = {isa = PBXFileReference; includeInIndex = 1; lastKnownFileType = text.xcconfig; name = "Pods-SHWVideoClipSDK_Example.release.xcconfig"; path = "Target Support Files/Pods-SHWVideoClipSDK_Example/Pods-SHWVideoClipSDK_Example.release.xcconfig"; sourceTree = "<group>"; };
		9DF978BEE9CA9262C8D0509F /* SHWVideoClipSDK.podspec */ = {isa = PBXFileReference; includeInIndex = 1; lastKnownFileType = text; name = SHWVideoClipSDK.podspec; path = ../SHWVideoClipSDK.podspec; sourceTree = "<group>"; xcLanguageSpecificationIdentifier = xcode.lang.ruby; };
		A06B99ED299663F52CF5964D /* Pods_SHWVideoClipSDK_Tests.framework */ = {isa = PBXFileReference; explicitFileType = wrapper.framework; includeInIndex = 0; path = Pods_SHWVideoClipSDK_Tests.framework; sourceTree = BUILT_PRODUCTS_DIR; };
		AB59E123A0B0430E8B20DC7B /* Pods-SHWVideoClipSDK_Example.debug.xcconfig */ = {isa = PBXFileReference; includeInIndex = 1; lastKnownFileType = text.xcconfig; name = "Pods-SHWVideoClipSDK_Example.debug.xcconfig"; path = "Target Support Files/Pods-SHWVideoClipSDK_Example/Pods-SHWVideoClipSDK_Example.debug.xcconfig"; sourceTree = "<group>"; };
		F320E3DD7CD461F784E40ABB /* Pods_SHWVideoClipSDK_Example.framework */ = {isa = PBXFileReference; explicitFileType = wrapper.framework; includeInIndex = 0; path = Pods_SHWVideoClipSDK_Example.framework; sourceTree = BUILT_PRODUCTS_DIR; };
		F46FED81278430EE002404B3 /* test1.mp3 */ = {isa = PBXFileReference; lastKnownFileType = audio.mp3; path = test1.mp3; sourceTree = "<group>"; };
		F46FED82278430EE002404B3 /* test.mp3 */ = {isa = PBXFileReference; lastKnownFileType = audio.mp3; path = test.mp3; sourceTree = "<group>"; };
		F46FED83278430EE002404B3 /* icon_hzw.jpg */ = {isa = PBXFileReference; lastKnownFileType = image.jpeg; path = icon_hzw.jpg; sourceTree = "<group>"; };
		F46FED84278430EE002404B3 /* video1.mp4 */ = {isa = PBXFileReference; lastKnownFileType = file; path = video1.mp4; sourceTree = "<group>"; };
		F46FED85278430EE002404B3 /* video2.mp4 */ = {isa = PBXFileReference; lastKnownFileType = file; path = video2.mp4; sourceTree = "<group>"; };
		F46FED8B278431F5002404B3 /* ViewController.h */ = {isa = PBXFileReference; fileEncoding = 4; lastKnownFileType = sourcecode.c.h; path = ViewController.h; sourceTree = "<group>"; };
		F46FED8C278431F5002404B3 /* EditViewController.xib */ = {isa = PBXFileReference; fileEncoding = 4; lastKnownFileType = file.xib; path = EditViewController.xib; sourceTree = "<group>"; };
		F46FED8D278431F5002404B3 /* ViewController.m */ = {isa = PBXFileReference; fileEncoding = 4; lastKnownFileType = sourcecode.c.objc; path = ViewController.m; sourceTree = "<group>"; };
		F46FED8E278431F5002404B3 /* EditViewController.h */ = {isa = PBXFileReference; fileEncoding = 4; lastKnownFileType = sourcecode.c.h; path = EditViewController.h; sourceTree = "<group>"; };
		F46FED8F278431F6002404B3 /* EditViewController.m */ = {isa = PBXFileReference; fileEncoding = 4; lastKnownFileType = sourcecode.c.objc; path = EditViewController.m; sourceTree = "<group>"; };
		F46FED9427843205002404B3 /* EditCollectionViewCell.m */ = {isa = PBXFileReference; fileEncoding = 4; lastKnownFileType = sourcecode.c.objc; path = EditCollectionViewCell.m; sourceTree = "<group>"; };
		F46FED9527843205002404B3 /* EditCollectionViewCell.h */ = {isa = PBXFileReference; fileEncoding = 4; lastKnownFileType = sourcecode.c.h; path = EditCollectionViewCell.h; sourceTree = "<group>"; };
		F46FED9627843205002404B3 /* EditCollectionViewCell.xib */ = {isa = PBXFileReference; fileEncoding = 4; lastKnownFileType = file.xib; path = EditCollectionViewCell.xib; sourceTree = "<group>"; };
		F46FED9A2784485C002404B3 /* NotoColorEmojiCompat.ttf */ = {isa = PBXFileReference; lastKnownFileType = file; path = NotoColorEmojiCompat.ttf; sourceTree = "<group>"; };
		F46FED9B2784485C002404B3 /* zhankuqingkehuangyouti.ttf */ = {isa = PBXFileReference; lastKnownFileType = file; path = zhankuqingkehuangyouti.ttf; sourceTree = "<group>"; };
		F46FED9C2784485C002404B3 /* Emoji One Color.ttf */ = {isa = PBXFileReference; lastKnownFileType = file; path = "Emoji One Color.ttf"; sourceTree = "<group>"; };
		F46FED9D2784485C002404B3 /* SourceHanSansCN-Heavy.ttf */ = {isa = PBXFileReference; lastKnownFileType = file; path = "SourceHanSansCN-Heavy.ttf"; sourceTree = "<group>"; };
		F46FED9E2784485C002404B3 /* zhankukuaileti.ttf */ = {isa = PBXFileReference; lastKnownFileType = file; path = zhankukuaileti.ttf; sourceTree = "<group>"; };
		F46FED9F2784485C002404B3 /* zhankuwenyiti.ttf */ = {isa = PBXFileReference; lastKnownFileType = file; path = zhankuwenyiti.ttf; sourceTree = "<group>"; };
		F46FEDA02784485C002404B3 /* pingfang.ttf */ = {isa = PBXFileReference; lastKnownFileType = file; path = pingfang.ttf; sourceTree = "<group>"; };
		F46FEDA12784485C002404B3 /* zhankuxiaoweiLOGO.ttf */ = {isa = PBXFileReference; lastKnownFileType = file; path = zhankuxiaoweiLOGO.ttf; sourceTree = "<group>"; };
		F46FEDA22784485C002404B3 /* Alibaba-PuHuiTi-Medium.ttf */ = {isa = PBXFileReference; lastKnownFileType = file; path = "Alibaba-PuHuiTi-Medium.ttf"; sourceTree = "<group>"; };
/* End PBXFileReference section */

/* Begin PBXFrameworksBuildPhase section */
		6003F587195388D20070C39A /* Frameworks */ = {
			isa = PBXFrameworksBuildPhase;
			buildActionMask = 2147483647;
			files = (
				6003F590195388D20070C39A /* CoreGraphics.framework in Frameworks */,
				6003F592195388D20070C39A /* UIKit.framework in Frameworks */,
				6003F58E195388D20070C39A /* Foundation.framework in Frameworks */,
				4DFDB3D148E7467F03AE736D /* Pods_SHWVideoClipSDK_Example.framework in Frameworks */,
			);
			runOnlyForDeploymentPostprocessing = 0;
		};
		6003F5AB195388D20070C39A /* Frameworks */ = {
			isa = PBXFrameworksBuildPhase;
			buildActionMask = 2147483647;
			files = (
				6003F5B0195388D20070C39A /* XCTest.framework in Frameworks */,
				6003F5B2195388D20070C39A /* UIKit.framework in Frameworks */,
				6003F5B1195388D20070C39A /* Foundation.framework in Frameworks */,
				5E73476E02025C2F2A3296C7 /* Pods_SHWVideoClipSDK_Tests.framework in Frameworks */,
			);
			runOnlyForDeploymentPostprocessing = 0;
		};
/* End PBXFrameworksBuildPhase section */

/* Begin PBXGroup section */
		3036EFDA66551246EF21608B /* Pods */ = {
			isa = PBXGroup;
			children = (
				AB59E123A0B0430E8B20DC7B /* Pods-SHWVideoClipSDK_Example.debug.xcconfig */,
				93ACB913352C24010F6506C7 /* Pods-SHWVideoClipSDK_Example.release.xcconfig */,
				35D2412139B0A02FE67E7021 /* Pods-SHWVideoClipSDK_Tests.debug.xcconfig */,
				3C85B3C5CB283B0E8485D69D /* Pods-SHWVideoClipSDK_Tests.release.xcconfig */,
			);
			path = Pods;
			sourceTree = "<group>";
		};
		6003F581195388D10070C39A = {
			isa = PBXGroup;
			children = (
				60FF7A9C1954A5C5007DD14C /* Podspec Metadata */,
				6003F593195388D20070C39A /* Example for SHWVideoClipSDK */,
				6003F5B5195388D20070C39A /* Tests */,
				6003F58C195388D20070C39A /* Frameworks */,
				6003F58B195388D20070C39A /* Products */,
				3036EFDA66551246EF21608B /* Pods */,
			);
			sourceTree = "<group>";
		};
		6003F58B195388D20070C39A /* Products */ = {
			isa = PBXGroup;
			children = (
				6003F58A195388D20070C39A /* SHWVideoClipSDK_Example.app */,
				6003F5AE195388D20070C39A /* SHWVideoClipSDK_Tests.xctest */,
			);
			name = Products;
			sourceTree = "<group>";
		};
		6003F58C195388D20070C39A /* Frameworks */ = {
			isa = PBXGroup;
			children = (
				6003F58D195388D20070C39A /* Foundation.framework */,
				6003F58F195388D20070C39A /* CoreGraphics.framework */,
				6003F591195388D20070C39A /* UIKit.framework */,
				6003F5AF195388D20070C39A /* XCTest.framework */,
				F320E3DD7CD461F784E40ABB /* Pods_SHWVideoClipSDK_Example.framework */,
				A06B99ED299663F52CF5964D /* Pods_SHWVideoClipSDK_Tests.framework */,
			);
			name = Frameworks;
			sourceTree = "<group>";
		};
		6003F593195388D20070C39A /* Example for SHWVideoClipSDK */ = {
			isa = PBXGroup;
			children = (
				6003F59C195388D20070C39A /* SHWAppDelegate.h */,
				6003F59D195388D20070C39A /* SHWAppDelegate.m */,
				873B8AEA1B1F5CCA007FD442 /* Main.storyboard */,
				F46FED9327843205002404B3 /* Views */,
				F46FED8E278431F5002404B3 /* EditViewController.h */,
				F46FED8F278431F6002404B3 /* EditViewController.m */,
				F46FED8C278431F5002404B3 /* EditViewController.xib */,
				F46FED8B278431F5002404B3 /* ViewController.h */,
				F46FED8D278431F5002404B3 /* ViewController.m */,
				6003F5A5195388D20070C39A /* SHWViewController.h */,
				6003F5A6195388D20070C39A /* SHWViewController.m */,
				71719F9D1E33DC2100824A3D /* LaunchScreen.storyboard */,
				6003F5A8195388D20070C39A /* Images.xcassets */,
				6003F594195388D20070C39A /* Supporting Files */,
			);
			name = "Example for SHWVideoClipSDK";
			path = SHWVideoClipSDK;
			sourceTree = "<group>";
		};
		6003F594195388D20070C39A /* Supporting Files */ = {
			isa = PBXGroup;
			children = (
				F46FED992784485C002404B3 /* font */,
				F46FED83278430EE002404B3 /* icon_hzw.jpg */,
				F46FED82278430EE002404B3 /* test.mp3 */,
				F46FED81278430EE002404B3 /* test1.mp3 */,
				F46FED84278430EE002404B3 /* video1.mp4 */,
				F46FED85278430EE002404B3 /* video2.mp4 */,
				6003F595195388D20070C39A /* SHWVideoClipSDK-Info.plist */,
				6003F596195388D20070C39A /* InfoPlist.strings */,
				6003F599195388D20070C39A /* main.m */,
				6003F59B195388D20070C39A /* SHWVideoClipSDK-Prefix.pch */,
			);
			name = "Supporting Files";
			sourceTree = "<group>";
		};
		6003F5B5195388D20070C39A /* Tests */ = {
			isa = PBXGroup;
			children = (
				6003F5BB195388D20070C39A /* Tests.m */,
				6003F5B6195388D20070C39A /* Supporting Files */,
			);
			path = Tests;
			sourceTree = "<group>";
		};
		6003F5B6195388D20070C39A /* Supporting Files */ = {
			isa = PBXGroup;
			children = (
				6003F5B7195388D20070C39A /* Tests-Info.plist */,
				6003F5B8195388D20070C39A /* InfoPlist.strings */,
				606FC2411953D9B200FFA9A0 /* Tests-Prefix.pch */,
			);
			name = "Supporting Files";
			sourceTree = "<group>";
		};
		60FF7A9C1954A5C5007DD14C /* Podspec Metadata */ = {
			isa = PBXGroup;
			children = (
				9DF978BEE9CA9262C8D0509F /* SHWVideoClipSDK.podspec */,
				06A111E9695F00EE12651D1A /* README.md */,
				3D0A5DEADC037A6B5EAB4A51 /* LICENSE */,
			);
			name = "Podspec Metadata";
			sourceTree = "<group>";
		};
		F46FED9327843205002404B3 /* Views */ = {
			isa = PBXGroup;
			children = (
				F46FED9427843205002404B3 /* EditCollectionViewCell.m */,
				F46FED9527843205002404B3 /* EditCollectionViewCell.h */,
				F46FED9627843205002404B3 /* EditCollectionViewCell.xib */,
			);
			path = Views;
			sourceTree = "<group>";
		};
		F46FED992784485C002404B3 /* font */ = {
			isa = PBXGroup;
			children = (
				F46FED9A2784485C002404B3 /* NotoColorEmojiCompat.ttf */,
				F46FED9B2784485C002404B3 /* zhankuqingkehuangyouti.ttf */,
				F46FED9C2784485C002404B3 /* Emoji One Color.ttf */,
				F46FED9D2784485C002404B3 /* SourceHanSansCN-Heavy.ttf */,
				F46FED9E2784485C002404B3 /* zhankukuaileti.ttf */,
				F46FED9F2784485C002404B3 /* zhankuwenyiti.ttf */,
				F46FEDA02784485C002404B3 /* pingfang.ttf */,
				F46FEDA12784485C002404B3 /* zhankuxiaoweiLOGO.ttf */,
				F46FEDA22784485C002404B3 /* Alibaba-PuHuiTi-Medium.ttf */,
			);
			path = font;
			sourceTree = "<group>";
		};
/* End PBXGroup section */

/* Begin PBXNativeTarget section */
		6003F589195388D20070C39A /* SHWVideoClipSDK_Example */ = {
			isa = PBXNativeTarget;
			buildConfigurationList = 6003F5BF195388D20070C39A /* Build configuration list for PBXNativeTarget "SHWVideoClipSDK_Example" */;
			buildPhases = (
				34626CE755CAC32C5CE2A786 /* [CP] Check Pods Manifest.lock */,
				6003F586195388D20070C39A /* Sources */,
				6003F587195388D20070C39A /* Frameworks */,
				6003F588195388D20070C39A /* Resources */,
				790DD8C86A22632B6D4A3B20 /* [CP] Embed Pods Frameworks */,
				16415F33AE9C4EA73A0640D7 /* [CP] Copy Pods Resources */,
			);
			buildRules = (
			);
			dependencies = (
			);
			name = SHWVideoClipSDK_Example;
			productName = SHWVideoClipSDK;
			productReference = 6003F58A195388D20070C39A /* SHWVideoClipSDK_Example.app */;
			productType = "com.apple.product-type.application";
		};
		6003F5AD195388D20070C39A /* SHWVideoClipSDK_Tests */ = {
			isa = PBXNativeTarget;
			buildConfigurationList = 6003F5C2195388D20070C39A /* Build configuration list for PBXNativeTarget "SHWVideoClipSDK_Tests" */;
			buildPhases = (
				226EBF0E502417659464589A /* [CP] Check Pods Manifest.lock */,
				6003F5AA195388D20070C39A /* Sources */,
				6003F5AB195388D20070C39A /* Frameworks */,
				6003F5AC195388D20070C39A /* Resources */,
			);
			buildRules = (
			);
			dependencies = (
				6003F5B4195388D20070C39A /* PBXTargetDependency */,
			);
			name = SHWVideoClipSDK_Tests;
			productName = SHWVideoClipSDKTests;
			productReference = 6003F5AE195388D20070C39A /* SHWVideoClipSDK_Tests.xctest */;
			productType = "com.apple.product-type.bundle.unit-test";
		};
/* End PBXNativeTarget section */

/* Begin PBXProject section */
		6003F582195388D10070C39A /* Project object */ = {
			isa = PBXProject;
			attributes = {
				CLASSPREFIX = SHW;
				LastUpgradeCheck = 0720;
				ORGANIZATIONNAME = "shicahgnshun-xhzy";
				TargetAttributes = {
					6003F589195388D20070C39A = {
						DevelopmentTeam = R43737H5WP;
					};
					6003F5AD195388D20070C39A = {
						TestTargetID = 6003F589195388D20070C39A;
					};
				};
			};
			buildConfigurationList = 6003F585195388D10070C39A /* Build configuration list for PBXProject "SHWVideoClipSDK" */;
			compatibilityVersion = "Xcode 9.3";
			developmentRegion = English;
			hasScannedForEncodings = 0;
			knownRegions = (
				English,
				en,
				Base,
			);
			mainGroup = 6003F581195388D10070C39A;
			productRefGroup = 6003F58B195388D20070C39A /* Products */;
			projectDirPath = "";
			projectRoot = "";
			targets = (
				6003F589195388D20070C39A /* SHWVideoClipSDK_Example */,
				6003F5AD195388D20070C39A /* SHWVideoClipSDK_Tests */,
			);
		};
/* End PBXProject section */

/* Begin PBXResourcesBuildPhase section */
		6003F588195388D20070C39A /* Resources */ = {
			isa = PBXResourcesBuildPhase;
			buildActionMask = 2147483647;
			files = (
				F46FEDA62784485C002404B3 /* SourceHanSansCN-Heavy.ttf in Resources */,
				F46FED88278430EE002404B3 /* icon_hzw.jpg in Resources */,
				F46FED9827843205002404B3 /* EditCollectionViewCell.xib in Resources */,
				F46FED89278430EE002404B3 /* video1.mp4 in Resources */,
				F46FEDA42784485C002404B3 /* zhankuqingkehuangyouti.ttf in Resources */,
				F46FEDA32784485C002404B3 /* NotoColorEmojiCompat.ttf in Resources */,
				F46FEDAA2784485C002404B3 /* zhankuxiaoweiLOGO.ttf in Resources */,
				F46FED90278431F6002404B3 /* EditViewController.xib in Resources */,
				F46FEDA72784485C002404B3 /* zhankukuaileti.ttf in Resources */,
				F46FEDAB2784485C002404B3 /* Alibaba-PuHuiTi-Medium.ttf in Resources */,
				873B8AEB1B1F5CCA007FD442 /* Main.storyboard in Resources */,
				F46FEDA82784485C002404B3 /* zhankuwenyiti.ttf in Resources */,
				F46FEDA92784485C002404B3 /* pingfang.ttf in Resources */,
				71719F9F1E33DC2100824A3D /* LaunchScreen.storyboard in Resources */,
				F46FED87278430EE002404B3 /* test.mp3 in Resources */,
				F46FED8A278430EE002404B3 /* video2.mp4 in Resources */,
				6003F5A9195388D20070C39A /* Images.xcassets in Resources */,
				F46FED86278430EE002404B3 /* test1.mp3 in Resources */,
				F46FEDA52784485C002404B3 /* Emoji One Color.ttf in Resources */,
				6003F598195388D20070C39A /* InfoPlist.strings in Resources */,
			);
			runOnlyForDeploymentPostprocessing = 0;
		};
		6003F5AC195388D20070C39A /* Resources */ = {
			isa = PBXResourcesBuildPhase;
			buildActionMask = 2147483647;
			files = (
				6003F5BA195388D20070C39A /* InfoPlist.strings in Resources */,
			);
			runOnlyForDeploymentPostprocessing = 0;
		};
/* End PBXResourcesBuildPhase section */

/* Begin PBXShellScriptBuildPhase section */
		16415F33AE9C4EA73A0640D7 /* [CP] Copy Pods Resources */ = {
			isa = PBXShellScriptBuildPhase;
			buildActionMask = 2147483647;
			files = (
			);
			inputFileListPaths = (
				"${PODS_ROOT}/Target Support Files/Pods-SHWVideoClipSDK_Example/Pods-SHWVideoClipSDK_Example-resources-${CONFIGURATION}-input-files.xcfilelist",
			);
			name = "[CP] Copy Pods Resources";
			outputFileListPaths = (
				"${PODS_ROOT}/Target Support Files/Pods-SHWVideoClipSDK_Example/Pods-SHWVideoClipSDK_Example-resources-${CONFIGURATION}-output-files.xcfilelist",
			);
			runOnlyForDeploymentPostprocessing = 0;
			shellPath = /bin/sh;
			shellScript = "\"${PODS_ROOT}/Target Support Files/Pods-SHWVideoClipSDK_Example/Pods-SHWVideoClipSDK_Example-resources.sh\"\n";
			showEnvVarsInLog = 0;
		};
		226EBF0E502417659464589A /* [CP] Check Pods Manifest.lock */ = {
			isa = PBXShellScriptBuildPhase;
			buildActionMask = 2147483647;
			files = (
			);
			inputFileListPaths = (
			);
			inputPaths = (
				"${PODS_PODFILE_DIR_PATH}/Podfile.lock",
				"${PODS_ROOT}/Manifest.lock",
			);
			name = "[CP] Check Pods Manifest.lock";
			outputFileListPaths = (
			);
			outputPaths = (
				"$(DERIVED_FILE_DIR)/Pods-SHWVideoClipSDK_Tests-checkManifestLockResult.txt",
			);
			runOnlyForDeploymentPostprocessing = 0;
			shellPath = /bin/sh;
			shellScript = "diff \"${PODS_PODFILE_DIR_PATH}/Podfile.lock\" \"${PODS_ROOT}/Manifest.lock\" > /dev/null\nif [ $? != 0 ] ; then\n    # print error to STDERR\n    echo \"error: The sandbox is not in sync with the Podfile.lock. Run 'pod install' or update your CocoaPods installation.\" >&2\n    exit 1\nfi\n# This output is used by Xcode 'outputs' to avoid re-running this script phase.\necho \"SUCCESS\" > \"${SCRIPT_OUTPUT_FILE_0}\"\n";
			showEnvVarsInLog = 0;
		};
		34626CE755CAC32C5CE2A786 /* [CP] Check Pods Manifest.lock */ = {
			isa = PBXShellScriptBuildPhase;
			buildActionMask = 2147483647;
			files = (
			);
			inputFileListPaths = (
			);
			inputPaths = (
				"${PODS_PODFILE_DIR_PATH}/Podfile.lock",
				"${PODS_ROOT}/Manifest.lock",
			);
			name = "[CP] Check Pods Manifest.lock";
			outputFileListPaths = (
			);
			outputPaths = (
				"$(DERIVED_FILE_DIR)/Pods-SHWVideoClipSDK_Example-checkManifestLockResult.txt",
			);
			runOnlyForDeploymentPostprocessing = 0;
			shellPath = /bin/sh;
			shellScript = "diff \"${PODS_PODFILE_DIR_PATH}/Podfile.lock\" \"${PODS_ROOT}/Manifest.lock\" > /dev/null\nif [ $? != 0 ] ; then\n    # print error to STDERR\n    echo \"error: The sandbox is not in sync with the Podfile.lock. Run 'pod install' or update your CocoaPods installation.\" >&2\n    exit 1\nfi\n# This output is used by Xcode 'outputs' to avoid re-running this script phase.\necho \"SUCCESS\" > \"${SCRIPT_OUTPUT_FILE_0}\"\n";
			showEnvVarsInLog = 0;
		};
		790DD8C86A22632B6D4A3B20 /* [CP] Embed Pods Frameworks */ = {
			isa = PBXShellScriptBuildPhase;
			buildActionMask = 2147483647;
			files = (
			);
			inputFileListPaths = (
				"${PODS_ROOT}/Target Support Files/Pods-SHWVideoClipSDK_Example/Pods-SHWVideoClipSDK_Example-frameworks-${CONFIGURATION}-input-files.xcfilelist",
			);
			name = "[CP] Embed Pods Frameworks";
			outputFileListPaths = (
				"${PODS_ROOT}/Target Support Files/Pods-SHWVideoClipSDK_Example/Pods-SHWVideoClipSDK_Example-frameworks-${CONFIGURATION}-output-files.xcfilelist",
			);
			runOnlyForDeploymentPostprocessing = 0;
			shellPath = /bin/sh;
			shellScript = "\"${PODS_ROOT}/Target Support Files/Pods-SHWVideoClipSDK_Example/Pods-SHWVideoClipSDK_Example-frameworks.sh\"\n";
			showEnvVarsInLog = 0;
		};
/* End PBXShellScriptBuildPhase section */

/* Begin PBXSourcesBuildPhase section */
		6003F586195388D20070C39A /* Sources */ = {
			isa = PBXSourcesBuildPhase;
			buildActionMask = 2147483647;
			files = (
				6003F59E195388D20070C39A /* SHWAppDelegate.m in Sources */,
				6003F5A7195388D20070C39A /* SHWViewController.m in Sources */,
				F46FED9727843205002404B3 /* EditCollectionViewCell.m in Sources */,
				F46FED91278431F6002404B3 /* ViewController.m in Sources */,
				6003F59A195388D20070C39A /* main.m in Sources */,
				F46FED92278431F6002404B3 /* EditViewController.m in Sources */,
			);
			runOnlyForDeploymentPostprocessing = 0;
		};
		6003F5AA195388D20070C39A /* Sources */ = {
			isa = PBXSourcesBuildPhase;
			buildActionMask = 2147483647;
			files = (
				6003F5BC195388D20070C39A /* Tests.m in Sources */,
			);
			runOnlyForDeploymentPostprocessing = 0;
		};
/* End PBXSourcesBuildPhase section */

/* Begin PBXTargetDependency section */
		6003F5B4195388D20070C39A /* PBXTargetDependency */ = {
			isa = PBXTargetDependency;
			target = 6003F589195388D20070C39A /* SHWVideoClipSDK_Example */;
			targetProxy = 6003F5B3195388D20070C39A /* PBXContainerItemProxy */;
		};
/* End PBXTargetDependency section */

/* Begin PBXVariantGroup section */
		6003F596195388D20070C39A /* InfoPlist.strings */ = {
			isa = PBXVariantGroup;
			children = (
				6003F597195388D20070C39A /* en */,
			);
			name = InfoPlist.strings;
			sourceTree = "<group>";
		};
		6003F5B8195388D20070C39A /* InfoPlist.strings */ = {
			isa = PBXVariantGroup;
			children = (
				6003F5B9195388D20070C39A /* en */,
			);
			name = InfoPlist.strings;
			sourceTree = "<group>";
		};
		71719F9D1E33DC2100824A3D /* LaunchScreen.storyboard */ = {
			isa = PBXVariantGroup;
			children = (
				71719F9E1E33DC2100824A3D /* Base */,
			);
			name = LaunchScreen.storyboard;
			sourceTree = "<group>";
		};
/* End PBXVariantGroup section */

/* Begin XCBuildConfiguration section */
		6003F5BD195388D20070C39A /* Debug */ = {
			isa = XCBuildConfiguration;
			buildSettings = {
				ALWAYS_SEARCH_USER_PATHS = NO;
				CLANG_CXX_LANGUAGE_STANDARD = "gnu++0x";
				CLANG_CXX_LIBRARY = "libc++";
				CLANG_ENABLE_MODULES = YES;
				CLANG_ENABLE_OBJC_ARC = YES;
				CLANG_WARN_BOOL_CONVERSION = YES;
				CLANG_WARN_CONSTANT_CONVERSION = YES;
				CLANG_WARN_DIRECT_OBJC_ISA_USAGE = YES_ERROR;
				CLANG_WARN_EMPTY_BODY = YES;
				CLANG_WARN_ENUM_CONVERSION = YES;
				CLANG_WARN_INT_CONVERSION = YES;
				CLANG_WARN_OBJC_ROOT_CLASS = YES_ERROR;
				CLANG_WARN__DUPLICATE_METHOD_MATCH = YES;
				"CODE_SIGN_IDENTITY[sdk=iphoneos*]" = "iPhone Developer";
				COPY_PHASE_STRIP = NO;
				ENABLE_TESTABILITY = YES;
				GCC_C_LANGUAGE_STANDARD = gnu99;
				GCC_DYNAMIC_NO_PIC = NO;
				GCC_OPTIMIZATION_LEVEL = 0;
				GCC_PREPROCESSOR_DEFINITIONS = (
					"DEBUG=1",
					"$(inherited)",
				);
				GCC_SYMBOLS_PRIVATE_EXTERN = NO;
				GCC_WARN_64_TO_32_BIT_CONVERSION = YES;
				GCC_WARN_ABOUT_RETURN_TYPE = YES_ERROR;
				GCC_WARN_UNDECLARED_SELECTOR = YES;
				GCC_WARN_UNINITIALIZED_AUTOS = YES_AGGRESSIVE;
				GCC_WARN_UNUSED_FUNCTION = YES;
				GCC_WARN_UNUSED_VARIABLE = YES;
				IPHONEOS_DEPLOYMENT_TARGET = 12.0;
				ONLY_ACTIVE_ARCH = YES;
				SDKROOT = iphoneos;
				TARGETED_DEVICE_FAMILY = "1,2";
			};
			name = Debug;
		};
		6003F5BE195388D20070C39A /* Release */ = {
			isa = XCBuildConfiguration;
			buildSettings = {
				ALWAYS_SEARCH_USER_PATHS = NO;
				CLANG_CXX_LANGUAGE_STANDARD = "gnu++0x";
				CLANG_CXX_LIBRARY = "libc++";
				CLANG_ENABLE_MODULES = YES;
				CLANG_ENABLE_OBJC_ARC = YES;
				CLANG_WARN_BOOL_CONVERSION = YES;
				CLANG_WARN_CONSTANT_CONVERSION = YES;
				CLANG_WARN_DIRECT_OBJC_ISA_USAGE = YES_ERROR;
				CLANG_WARN_EMPTY_BODY = YES;
				CLANG_WARN_ENUM_CONVERSION = YES;
				CLANG_WARN_INT_CONVERSION = YES;
				CLANG_WARN_OBJC_ROOT_CLASS = YES_ERROR;
				CLANG_WARN__DUPLICATE_METHOD_MATCH = YES;
				"CODE_SIGN_IDENTITY[sdk=iphoneos*]" = "iPhone Developer";
				COPY_PHASE_STRIP = YES;
				ENABLE_NS_ASSERTIONS = NO;
				GCC_C_LANGUAGE_STANDARD = gnu99;
				GCC_WARN_64_TO_32_BIT_CONVERSION = YES;
				GCC_WARN_ABOUT_RETURN_TYPE = YES_ERROR;
				GCC_WARN_UNDECLARED_SELECTOR = YES;
				GCC_WARN_UNINITIALIZED_AUTOS = YES_AGGRESSIVE;
				GCC_WARN_UNUSED_FUNCTION = YES;
				GCC_WARN_UNUSED_VARIABLE = YES;
				IPHONEOS_DEPLOYMENT_TARGET = 12.0;
				SDKROOT = iphoneos;
				TARGETED_DEVICE_FAMILY = "1,2";
				VALIDATE_PRODUCT = YES;
			};
			name = Release;
		};
		6003F5C0195388D20070C39A /* Debug */ = {
			isa = XCBuildConfiguration;
			baseConfigurationReference = AB59E123A0B0430E8B20DC7B /* Pods-SHWVideoClipSDK_Example.debug.xcconfig */;
			buildSettings = {
				ASSETCATALOG_COMPILER_APPICON_NAME = AppIcon;
				DEVELOPMENT_TEAM = R43737H5WP;
				ENABLE_BITCODE = NO;
				"EXCLUDED_ARCHS[sdk=iphoneos*]" = armv7;
				GCC_PRECOMPILE_PREFIX_HEADER = YES;
				GCC_PREFIX_HEADER = "SHWVideoClipSDK/SHWVideoClipSDK-Prefix.pch";
				INFOPLIST_FILE = "SHWVideoClipSDK/SHWVideoClipSDK-Info.plist";
				IPHONEOS_DEPLOYMENT_TARGET = 12.0;
				MODULE_NAME = ExampleApp;
				OTHER_LDFLAGS = (
					"$(inherited)",
					"-ObjC",
					"-l\"avcodec\"",
					"-l\"avdevice\"",
					"-l\"avfilter\"",
					"-l\"avformat\"",
					"-l\"avutil\"",
					"-l\"bz2\"",
					"-l\"c++\"",
					"-l\"compression\"",
					"-l\"de265\"",
					"-l\"fdk-aac\"",
					"-l\"heif\"",
					"-l\"iconv\"",
					"-l\"pathkit\"",
					"-l\"postproc\"",
					"-l\"skia\"",
					"-l\"sqlite3\"",
					"-l\"swresample\"",
					"-l\"swscale\"",
					"-l\"x264\"",
					"-l\"yuv\"",
					"-l\"z\"",
					"-framework",
					"\"AFNetworking\"",
					"-framework",
					"\"AVFoundation\"",
					"-framework",
					"\"Accelerate\"",
					"-framework",
					"\"Aspects\"",
					"-framework",
					"\"AudioToolbox\"",
					"-framework",
					"\"BlocksKit\"",
					"-framework",
					"\"CoreFoundation\"",
					"-framework",
					"\"CoreGraphics\"",
					"-framework",
					"\"CoreImage\"",
					"-framework",
					"\"CoreMedia\"",
					"-framework",
					"\"CoreText\"",
					"-framework",
					"\"Foundation\"",
					"-framework",
					"\"GLKit\"",
					"-framework",
					"\"ImageIO\"",
					"-framework",
					"\"MBProgressHUD\"",
					"-framework",
					"\"MJExtension\"",
					"-framework",
					"\"Masonry\"",
					"-framework",
					"\"MessageUI\"",
					"-framework",
					"\"Photos\"",
					"-framework",
					"\"PhotosUI\"",
					"-framework",
					"\"QTEventBus\"",
					"-framework",
					"\"QuartzCore\"",
					"-framework",
					"\"RealReachability\"",
					"-framework",
					"\"Realm\"",
					"-framework",
					"\"SHWVideoClipSDK\"",
					"-framework",
					"\"SSZipArchive\"",
					"-framework",
					"\"SWJianbeiSDK\"",
					"-framework",
					"\"SWMixLibsSDK\"",
					"-framework",
					"\"Security\"",
					"-framework",
					"\"TZImagePickerController\"",
					"-framework",
					"\"UIKit\"",
					"-framework",
					"\"VideoToolbox\"",
					"-framework",
					"\"YYCache\"",
					"-framework",
					"\"YYCategories\"",
					"-ld64",
				);
				PRODUCT_BUNDLE_IDENTIFIER = "org.cocoapods.demo.${PRODUCT_NAME:rfc1034identifier}";
				PRODUCT_NAME = "$(TARGET_NAME)";
				SWIFT_VERSION = 4.0;
				TARGETED_DEVICE_FAMILY = 1;
				WRAPPER_EXTENSION = app;
			};
			name = Debug;
		};
		6003F5C1195388D20070C39A /* Release */ = {
			isa = XCBuildConfiguration;
			baseConfigurationReference = 93ACB913352C24010F6506C7 /* Pods-SHWVideoClipSDK_Example.release.xcconfig */;
			buildSettings = {
				ASSETCATALOG_COMPILER_APPICON_NAME = AppIcon;
				DEVELOPMENT_TEAM = R43737H5WP;
				ENABLE_BITCODE = NO;
				"EXCLUDED_ARCHS[sdk=iphoneos*]" = armv7;
				GCC_PRECOMPILE_PREFIX_HEADER = YES;
				GCC_PREFIX_HEADER = "SHWVideoClipSDK/SHWVideoClipSDK-Prefix.pch";
				INFOPLIST_FILE = "SHWVideoClipSDK/SHWVideoClipSDK-Info.plist";
				IPHONEOS_DEPLOYMENT_TARGET = 12.0;
				MODULE_NAME = ExampleApp;
				OTHER_LDFLAGS = (
					"$(inherited)",
					"-ObjC",
					"-l\"avcodec\"",
					"-l\"avdevice\"",
					"-l\"avfilter\"",
					"-l\"avformat\"",
					"-l\"avutil\"",
					"-l\"bz2\"",
					"-l\"c++\"",
					"-l\"compression\"",
					"-l\"de265\"",
					"-l\"fdk-aac\"",
					"-l\"heif\"",
					"-l\"iconv\"",
					"-l\"pathkit\"",
					"-l\"postproc\"",
					"-l\"skia\"",
					"-l\"sqlite3\"",
					"-l\"swresample\"",
					"-l\"swscale\"",
					"-l\"x264\"",
					"-l\"yuv\"",
					"-l\"z\"",
					"-framework",
					"\"AFNetworking\"",
					"-framework",
					"\"AVFoundation\"",
					"-framework",
					"\"Accelerate\"",
					"-framework",
					"\"Aspects\"",
					"-framework",
					"\"AudioToolbox\"",
					"-framework",
					"\"BlocksKit\"",
					"-framework",
					"\"CoreFoundation\"",
					"-framework",
					"\"CoreGraphics\"",
					"-framework",
					"\"CoreImage\"",
					"-framework",
					"\"CoreMedia\"",
					"-framework",
					"\"CoreText\"",
					"-framework",
					"\"Foundation\"",
					"-framework",
					"\"GLKit\"",
					"-framework",
					"\"ImageIO\"",
					"-framework",
					"\"MBProgressHUD\"",
					"-framework",
					"\"MJExtension\"",
					"-framework",
					"\"Masonry\"",
					"-framework",
					"\"MessageUI\"",
					"-framework",
					"\"Photos\"",
					"-framework",
					"\"PhotosUI\"",
					"-framework",
					"\"QTEventBus\"",
					"-framework",
					"\"QuartzCore\"",
					"-framework",
					"\"RealReachability\"",
					"-framework",
					"\"Realm\"",
					"-framework",
					"\"SHWVideoClipSDK\"",
					"-framework",
					"\"SSZipArchive\"",
					"-framework",
					"\"SWJianbeiSDK\"",
					"-framework",
					"\"SWMixLibsSDK\"",
					"-framework",
					"\"Security\"",
					"-framework",
					"\"TZImagePickerController\"",
					"-framework",
					"\"UIKit\"",
					"-framework",
					"\"VideoToolbox\"",
					"-framework",
					"\"YYCache\"",
					"-framework",
					"\"YYCategories\"",
					"-ld64",
				);
				PRODUCT_BUNDLE_IDENTIFIER = "org.cocoapods.demo.${PRODUCT_NAME:rfc1034identifier}";
				PRODUCT_NAME = "$(TARGET_NAME)";
				SWIFT_VERSION = 4.0;
				TARGETED_DEVICE_FAMILY = 1;
				WRAPPER_EXTENSION = app;
			};
			name = Release;
		};
		6003F5C3195388D20070C39A /* Debug */ = {
			isa = XCBuildConfiguration;
			baseConfigurationReference = 35D2412139B0A02FE67E7021 /* Pods-SHWVideoClipSDK_Tests.debug.xcconfig */;
			buildSettings = {
				BUNDLE_LOADER = "$(TEST_HOST)";
				DEVELOPMENT_TEAM = R43737H5WP;
				FRAMEWORK_SEARCH_PATHS = (
					"$(PLATFORM_DIR)/Developer/Library/Frameworks",
					"$(inherited)",
					"$(DEVELOPER_FRAMEWORKS_DIR)",
				);
				GCC_PRECOMPILE_PREFIX_HEADER = YES;
				GCC_PREFIX_HEADER = "Tests/Tests-Prefix.pch";
				GCC_PREPROCESSOR_DEFINITIONS = (
					"DEBUG=1",
					"$(inherited)",
				);
				INFOPLIST_FILE = "Tests/Tests-Info.plist";
				IPHONEOS_DEPLOYMENT_TARGET = 12.0;
				PRODUCT_BUNDLE_IDENTIFIER = "org.cocoapods.demo.${PRODUCT_NAME:rfc1034identifier}";
				PRODUCT_NAME = "$(TARGET_NAME)";
				SWIFT_VERSION = 4.0;
				TEST_HOST = "$(BUILT_PRODUCTS_DIR)/SHWVideoClipSDK_Example.app/SHWVideoClipSDK_Example";
				WRAPPER_EXTENSION = xctest;
			};
			name = Debug;
		};
		6003F5C4195388D20070C39A /* Release */ = {
			isa = XCBuildConfiguration;
			baseConfigurationReference = 3C85B3C5CB283B0E8485D69D /* Pods-SHWVideoClipSDK_Tests.release.xcconfig */;
			buildSettings = {
				BUNDLE_LOADER = "$(TEST_HOST)";
				DEVELOPMENT_TEAM = R43737H5WP;
				FRAMEWORK_SEARCH_PATHS = (
					"$(PLATFORM_DIR)/Developer/Library/Frameworks",
					"$(inherited)",
					"$(DEVELOPER_FRAMEWORKS_DIR)",
				);
				GCC_PRECOMPILE_PREFIX_HEADER = YES;
				GCC_PREFIX_HEADER = "Tests/Tests-Prefix.pch";
				INFOPLIST_FILE = "Tests/Tests-Info.plist";
				IPHONEOS_DEPLOYMENT_TARGET = 12.0;
				PRODUCT_BUNDLE_IDENTIFIER = "org.cocoapods.demo.${PRODUCT_NAME:rfc1034identifier}";
				PRODUCT_NAME = "$(TARGET_NAME)";
				SWIFT_VERSION = 4.0;
				TEST_HOST = "$(BUILT_PRODUCTS_DIR)/SHWVideoClipSDK_Example.app/SHWVideoClipSDK_Example";
				WRAPPER_EXTENSION = xctest;
			};
			name = Release;
		};
/* End XCBuildConfiguration section */

/* Begin XCConfigurationList section */
		6003F585195388D10070C39A /* Build configuration list for PBXProject "SHWVideoClipSDK" */ = {
			isa = XCConfigurationList;
			buildConfigurations = (
				6003F5BD195388D20070C39A /* Debug */,
				6003F5BE195388D20070C39A /* Release */,
			);
			defaultConfigurationIsVisible = 0;
			defaultConfigurationName = Release;
		};
		6003F5BF195388D20070C39A /* Build configuration list for PBXNativeTarget "SHWVideoClipSDK_Example" */ = {
			isa = XCConfigurationList;
			buildConfigurations = (
				6003F5C0195388D20070C39A /* Debug */,
				6003F5C1195388D20070C39A /* Release */,
			);
			defaultConfigurationIsVisible = 0;
			defaultConfigurationName = Release;
		};
		6003F5C2195388D20070C39A /* Build configuration list for PBXNativeTarget "SHWVideoClipSDK_Tests" */ = {
			isa = XCConfigurationList;
			buildConfigurations = (
				6003F5C3195388D20070C39A /* Debug */,
				6003F5C4195388D20070C39A /* Release */,
			);
			defaultConfigurationIsVisible = 0;
			defaultConfigurationName = Release;
		};
/* End XCConfigurationList section */
	};
	rootObject = 6003F582195388D10070C39A /* Project object */;
}
